// !$*UTF8*$!
{
	archiveVersion = 1;
	classes = {
	};
	objectVersion = 46;
	objects = {

/* Begin PBXBuildFile section */
		630C31291616580600133C4B /* Test1ViewController.m in Sources */ = {isa = PBXBuildFile; fileRef = 630C31281616580600133C4B /* Test1ViewController.m */; };
		630D3C9914D9FA53001E5224 /* dollaru3.png in Resources */ = {isa = PBXBuildFile; fileRef = 630D3C9814D9FA53001E5224 /* dollaru3.png */; };
		6312DAA715A0A39500F46301 /* DollarU.png in Resources */ = {isa = PBXBuildFile; fileRef = 6312DAA615A0A39500F46301 /* DollarU.png */; };
		6320045414E9D866006E2FFA /* ko.png in Resources */ = {isa = PBXBuildFile; fileRef = 6320045314E9D866006E2FFA /* ko.png */; };
		6320045914E9D879006E2FFA /* ok.png in Resources */ = {isa = PBXBuildFile; fileRef = 6320045614E9D879006E2FFA /* ok.png */; };
		6320045A14E9D879006E2FFA /* warning.png in Resources */ = {isa = PBXBuildFile; fileRef = 6320045714E9D879006E2FFA /* warning.png */; };
		6320045B14E9D879006E2FFA /* warning2.png in Resources */ = {isa = PBXBuildFile; fileRef = 6320045814E9D879006E2FFA /* warning2.png */; };
		6320045E14E9DCE6006E2FFA /* redflag.png in Resources */ = {isa = PBXBuildFile; fileRef = 6320045D14E9DCE6006E2FFA /* redflag.png */; };
		6320046014E9DCF3006E2FFA /* greenflag.png in Resources */ = {isa = PBXBuildFile; fileRef = 6320045F14E9DCF3006E2FFA /* greenflag.png */; };
		632A269E14DD8F5300440AA0 /* webservicedetails.m in Sources */ = {isa = PBXBuildFile; fileRef = 632A269D14DD8F5300440AA0 /* webservicedetails.m */; };
		632CE31115A23B3F002FCFAE /* car.m4a in Resources */ = {isa = PBXBuildFile; fileRef = 632CE30F15A23B3F002FCFAE /* car.m4a */; };
		632CE31215A23B3F002FCFAE /* emergency.m4a in Resources */ = {isa = PBXBuildFile; fileRef = 632CE31015A23B3F002FCFAE /* emergency.m4a */; };
		63352211160A619900C67428 /* SettingsViewController.m in Sources */ = {isa = PBXBuildFile; fileRef = 63352210160A619900C67428 /* SettingsViewController.m */; };
		633DF776150BC60C000B9B54 /* libCorePlot-CocoaTouch.a in Frameworks */ = {isa = PBXBuildFile; fileRef = 633DF774150BC5B3000B9B54 /* libCorePlot-CocoaTouch.a */; };
		633DF778150BC91D000B9B54 /* QuartzCore.framework in Frameworks */ = {isa = PBXBuildFile; fileRef = 633DF777150BC91D000B9B54 /* QuartzCore.framework */; };
		63412DA81583D73400C8768B /* WebServiceConnection.m in Sources */ = {isa = PBXBuildFile; fileRef = 63412DA71583D73400C8768B /* WebServiceConnection.m */; };
		634C8CC114E6B14200CCF1EA /* ActivityAlertView.m in Sources */ = {isa = PBXBuildFile; fileRef = 634C8CC014E6B14200CCF1EA /* ActivityAlertView.m */; };
		63572CA915B347CA005F1E3A /* DollarURetina.png in Resources */ = {isa = PBXBuildFile; fileRef = 6312DAAB15A0A49100F46301 /* DollarURetina.png */; };
		63572CAB15B37EE0005F1E3A /* Localizable.strings in Resources */ = {isa = PBXBuildFile; fileRef = 63572CAA15B37EE0005F1E3A /* Localizable.strings */; };
		6360CDB81607AE1600A3226E /* nodesInCollectionViewViewController.m in Sources */ = {isa = PBXBuildFile; fileRef = 6360CDB71607AE1600A3226E /* nodesInCollectionViewViewController.m */; };
		6360CDBC1607BA1700A3226E /* collectionViewCell.m in Sources */ = {isa = PBXBuildFile; fileRef = 6360CDBB1607BA1700A3226E /* collectionViewCell.m */; };
		636580B11606125C00C4A128 /* Default-568h@2x.png in Resources */ = {isa = PBXBuildFile; fileRef = 636580B01606125C00C4A128 /* Default-568h@2x.png */; };
		6369169D14F978DC00C92B23 /* graphview.m in Sources */ = {isa = PBXBuildFile; fileRef = 6369169C14F978DC00C92B23 /* graphview.m */; settings = {COMPILER_FLAGS = "-fno-objc-arc"; }; };
		636DF69714D5C4DB009C93FF /* dollaru.png in Resources */ = {isa = PBXBuildFile; fileRef = 636DF69614D5C4DB009C93FF /* dollaru.png */; };
		6373C4F915DB0C9000FA50C5 /* iDUFirstViewController.m in Sources */ = {isa = PBXBuildFile; fileRef = 6373C4F815DB0C9000FA50C5 /* iDUFirstViewController.m */; };
		638A1423160F714900B24627 /* AnimationViewController.m in Sources */ = {isa = PBXBuildFile; fileRef = 638A1421160F714900B24627 /* AnimationViewController.m */; };
		638A1424160F714900B24627 /* AnimationViewController.xib in Resources */ = {isa = PBXBuildFile; fileRef = 638A1422160F714900B24627 /* AnimationViewController.xib */; };
		638EE93C150BCC50006B10C1 /* PlotItem.m in Sources */ = {isa = PBXBuildFile; fileRef = 638EE93B150BCC50006B10C1 /* PlotItem.m */; settings = {COMPILER_FLAGS = "-fno-objc-arc"; }; };
		638EE93F150BCC70006B10C1 /* PlotGallery.m in Sources */ = {isa = PBXBuildFile; fileRef = 638EE93E150BCC70006B10C1 /* PlotGallery.m */; settings = {COMPILER_FLAGS = "-fno-objc-arc"; }; };
		638EE942150BDE6E006B10C1 /* SimplePieChart.m in Sources */ = {isa = PBXBuildFile; fileRef = 638EE941150BDE6E006B10C1 /* SimplePieChart.m */; };
		639C12D61606613F0053EA51 /* getJobs.m in Sources */ = {isa = PBXBuildFile; fileRef = 639C12D51606613F0053EA51 /* getJobs.m */; };
		639DA1C414D4494500EA3372 /* UIKit.framework in Frameworks */ = {isa = PBXBuildFile; fileRef = 639DA1C314D4494500EA3372 /* UIKit.framework */; };
		639DA1C614D4494500EA3372 /* Foundation.framework in Frameworks */ = {isa = PBXBuildFile; fileRef = 639DA1C514D4494500EA3372 /* Foundation.framework */; };
		639DA1C814D4494500EA3372 /* CoreGraphics.framework in Frameworks */ = {isa = PBXBuildFile; fileRef = 639DA1C714D4494500EA3372 /* CoreGraphics.framework */; };
		639DA1CE14D4494500EA3372 /* InfoPlist.strings in Resources */ = {isa = PBXBuildFile; fileRef = 639DA1CC14D4494500EA3372 /* InfoPlist.strings */; };
		639DA1D014D4494500EA3372 /* main.m in Sources */ = {isa = PBXBuildFile; fileRef = 639DA1CF14D4494500EA3372 /* main.m */; };
		639DA1D414D4494500EA3372 /* iDUAppDelegate.m in Sources */ = {isa = PBXBuildFile; fileRef = 639DA1D314D4494500EA3372 /* iDUAppDelegate.m */; };
		639DA1D714D4494500EA3372 /* MainStoryboard.storyboard in Resources */ = {isa = PBXBuildFile; fileRef = 639DA1D514D4494500EA3372 /* MainStoryboard.storyboard */; };
		639DA1E114D4494500EA3372 /* iDUSecondViewController.m in Sources */ = {isa = PBXBuildFile; fileRef = 639DA1E014D4494500EA3372 /* iDUSecondViewController.m */; };
		639DA1FF14D44C2200EA3372 /* libxml2.dylib in Frameworks */ = {isa = PBXBuildFile; fileRef = 639DA1FE14D44C2200EA3372 /* libxml2.dylib */; };
		63A103191644313D00F1F9F3 /* LoginViewController.m in Sources */ = {isa = PBXBuildFile; fileRef = 63A103181644313D00F1F9F3 /* LoginViewController.m */; };
		63A1031D16447E7600F1F9F3 /* TabViewController.m in Sources */ = {isa = PBXBuildFile; fileRef = 63A1031C16447E7600F1F9F3 /* TabViewController.m */; };
		63A1031F164488D100F1F9F3 /* Password.png in Resources */ = {isa = PBXBuildFile; fileRef = 63A1031E164488D100F1F9F3 /* Password.png */; };
		63A92B3015CB1DF900D03CDF /* DUInactive.png in Resources */ = {isa = PBXBuildFile; fileRef = 63A92B2F15CB1DF900D03CDF /* DUInactive.png */; };
		63AF83E614D617DB004A2E3B /* preferences.png in Resources */ = {isa = PBXBuildFile; fileRef = 63AF83E514D617DB004A2E3B /* preferences.png */; };
		63AF83E814D617F6004A2E3B /* world.png in Resources */ = {isa = PBXBuildFile; fileRef = 63AF83E714D617F6004A2E3B /* world.png */; };
		63AF83EA14D61857004A2E3B /* connections.png in Resources */ = {isa = PBXBuildFile; fileRef = 63AF83E914D61857004A2E3B /* connections.png */; };
		63AF83EE14D618D1004A2E3B /* house.png in Resources */ = {isa = PBXBuildFile; fileRef = 63AF83ED14D618D1004A2E3B /* house.png */; };
		63BB22B014D755A200B7483F /* jobruns.m in Sources */ = {isa = PBXBuildFile; fileRef = 63BB22AF14D755A200B7483F /* jobruns.m */; };
		63C8B5DD1617036F00CA4F2A /* pageTestModelController.m in Sources */ = {isa = PBXBuildFile; fileRef = 63C8B5DC1617036C00CA4F2A /* pageTestModelController.m */; };
		63C8B5DE1617037400CA4F2A /* pageTestRootViewController.m in Sources */ = {isa = PBXBuildFile; fileRef = 63C8B5D91617035900CA4F2A /* pageTestRootViewController.m */; };
		63C8B5F21617489C00CA4F2A /* ColoredBarChart.m in Sources */ = {isa = PBXBuildFile; fileRef = 63C8B5F11617489C00CA4F2A /* ColoredBarChart.m */; settings = {COMPILER_FLAGS = "-fno-objc-arc"; }; };
		63CEED4A157AA58D00459131 /* heart.png in Resources */ = {isa = PBXBuildFile; fileRef = 63CEED49157AA58D00459131 /* heart.png */; };
		63CEED4D157AA60100459131 /* filter.png in Resources */ = {isa = PBXBuildFile; fileRef = 63CEED4C157AA60100459131 /* filter.png */; };
		63CEED50157AA86000459131 /* filterpreferences.m in Sources */ = {isa = PBXBuildFile; fileRef = 63CEED4F157AA86000459131 /* filterpreferences.m */; };
		63D3756414DD51E10064CB02 /* arrowdown.png in Resources */ = {isa = PBXBuildFile; fileRef = 63D3756214DD51E10064CB02 /* arrowdown.png */; };
		63D3756514DD51E10064CB02 /* arrowup.png in Resources */ = {isa = PBXBuildFile; fileRef = 63D3756314DD51E10064CB02 /* arrowup.png */; };
		63D3756914DD67480064CB02 /* settings.m in Sources */ = {isa = PBXBuildFile; fileRef = 63D3756814DD67480064CB02 /* settings.m */; };
		63D51FE81584DA8500F53449 /* ManageDefaults.m in Sources */ = {isa = PBXBuildFile; fileRef = 63D51FE71584DA8500F53449 /* ManageDefaults.m */; };
		63DB3F0C14EFACEB00D30319 /* joblog.m in Sources */ = {isa = PBXBuildFile; fileRef = 63DB3F0B14EFACEB00D30319 /* joblog.m */; };
		63DFF031158D03B3004061CE /* computePeriod.m in Sources */ = {isa = PBXBuildFile; fileRef = 63DFF030158D03B3004061CE /* computePeriod.m */; };
		63E0CEFC151E8ACC00CDE588 /* DU.png in Resources */ = {isa = PBXBuildFile; fileRef = 63E0CEFB151E8ACC00CDE588 /* DU.png */; };
		63E9D5801576BA9300F59C97 /* DuWebServiceSvc.m in Sources */ = {isa = PBXBuildFile; fileRef = 63E9D5751576BA9300F59C97 /* DuWebServiceSvc.m */; settings = {COMPILER_FLAGS = "-fno-objc-arc"; }; };
		63E9D5811576BA9300F59C97 /* NSDate+ISO8601Parsing.m in Sources */ = {isa = PBXBuildFile; fileRef = 63E9D5771576BA9300F59C97 /* NSDate+ISO8601Parsing.m */; settings = {COMPILER_FLAGS = "-fno-objc-arc"; }; };
		63E9D5821576BA9300F59C97 /* NSDate+ISO8601Unparsing.m in Sources */ = {isa = PBXBuildFile; fileRef = 63E9D5791576BA9300F59C97 /* NSDate+ISO8601Unparsing.m */; settings = {COMPILER_FLAGS = "-fno-objc-arc"; }; };
		63E9D5831576BA9300F59C97 /* USAdditions.m in Sources */ = {isa = PBXBuildFile; fileRef = 63E9D57B1576BA9300F59C97 /* USAdditions.m */; settings = {COMPILER_FLAGS = "-fno-objc-arc"; }; };
		63E9D5841576BA9300F59C97 /* USGlobals.m in Sources */ = {isa = PBXBuildFile; fileRef = 63E9D57D1576BA9300F59C97 /* USGlobals.m */; settings = {COMPILER_FLAGS = "-fno-objc-arc"; }; };
		63E9D5851576BA9300F59C97 /* xs.m in Sources */ = {isa = PBXBuildFile; fileRef = 63E9D57F1576BA9300F59C97 /* xs.m */; settings = {COMPILER_FLAGS = "-fno-objc-arc"; }; };
		63EA36C615FCF243005F8A10 /* rerun.png in Resources */ = {isa = PBXBuildFile; fileRef = 63EA36C515FCF243005F8A10 /* rerun.png */; };
		63EA36C915FCF483005F8A10 /* rerunblue.png in Resources */ = {isa = PBXBuildFile; fileRef = 63EA36C815FCF483005F8A10 /* rerunblue.png */; };
		63EAEE2A14EFEB97008517FE /* joblogdetails.m in Sources */ = {isa = PBXBuildFile; fileRef = 63EAEE2914EFEB97008517FE /* joblogdetails.m */; };
		63EE8B77159F869100B53EAE /* carat-open.png in Resources */ = {isa = PBXBuildFile; fileRef = 63EE8B75159F869100B53EAE /* carat-open.png */; };
		63EE8B78159F869100B53EAE /* carat.png in Resources */ = {isa = PBXBuildFile; fileRef = 63EE8B76159F869100B53EAE /* carat.png */; };
		63EE8B7C159F86CF00B53EAE /* SectionHeaderView.m in Sources */ = {isa = PBXBuildFile; fileRef = 63EE8B7B159F86CF00B53EAE /* SectionHeaderView.m */; };
		63EE8B7F159F886900B53EAE /* SectionInfo.m in Sources */ = {isa = PBXBuildFile; fileRef = 63EE8B7E159F886900B53EAE /* SectionInfo.m */; };
		63F3EE0815EA5D3D001E08AE /* user.png in Resources */ = {isa = PBXBuildFile; fileRef = 63F3EE0415EA5D3D001E08AE /* user.png */; };
		63F3EE0915EA5D3D001E08AE /* server.png in Resources */ = {isa = PBXBuildFile; fileRef = 63F3EE0515EA5D3D001E08AE /* server.png */; };
		63F3EE0A15EA5D3D001E08AE /* port.png in Resources */ = {isa = PBXBuildFile; fileRef = 63F3EE0615EA5D3D001E08AE /* port.png */; };
		63F3EE0B15EA5D3D001E08AE /* question.png in Resources */ = {isa = PBXBuildFile; fileRef = 63F3EE0715EA5D3D001E08AE /* question.png */; };
		63F3EE1215EA5F21001E08AE /* company.png in Resources */ = {isa = PBXBuildFile; fileRef = 63F3EE1115EA5F21001E08AE /* company.png */; };
		63F3EE1415EA6084001E08AE /* area.png in Resources */ = {isa = PBXBuildFile; fileRef = 63F3EE1315EA6084001E08AE /* area.png */; };
		63F3EE1615EAABF7001E08AE /* calendar.png in Resources */ = {isa = PBXBuildFile; fileRef = 63F3EE1515EAABF7001E08AE /* calendar.png */; };
		63F3EE1815EAAD16001E08AE /* numberblue.png in Resources */ = {isa = PBXBuildFile; fileRef = 63F3EE1715EAAD16001E08AE /* numberblue.png */; };
		63F3EE1E15EAADBA001E08AE /* numberorange.png in Resources */ = {isa = PBXBuildFile; fileRef = 63F3EE1D15EAADB9001E08AE /* numberorange.png */; };
		63F3EE2015EAAE05001E08AE /* url2.png in Resources */ = {isa = PBXBuildFile; fileRef = 63F3EE1F15EAAE05001E08AE /* url2.png */; };
/* End PBXBuildFile section */

/* Begin PBXFileReference section */
		630C31271616580600133C4B /* Test1ViewController.h */ = {isa = PBXFileReference; fileEncoding = 4; lastKnownFileType = sourcecode.c.h; path = Test1ViewController.h; sourceTree = "<group>"; };
		630C31281616580600133C4B /* Test1ViewController.m */ = {isa = PBXFileReference; fileEncoding = 4; lastKnownFileType = sourcecode.c.objc; path = Test1ViewController.m; sourceTree = "<group>"; };
		630D3C9814D9FA53001E5224 /* dollaru3.png */ = {isa = PBXFileReference; lastKnownFileType = image.png; name = dollaru3.png; path = ../dollaru3.png; sourceTree = "<group>"; };
		6312DAA615A0A39500F46301 /* DollarU.png */ = {isa = PBXFileReference; lastKnownFileType = image.png; path = DollarU.png; sourceTree = "<group>"; };
		6312DAAB15A0A49100F46301 /* DollarURetina.png */ = {isa = PBXFileReference; lastKnownFileType = image.png; path = DollarURetina.png; sourceTree = "<group>"; };
		6320045314E9D866006E2FFA /* ko.png */ = {isa = PBXFileReference; lastKnownFileType = image.png; name = ko.png; path = ../ko.png; sourceTree = "<group>"; };
		6320045614E9D879006E2FFA /* ok.png */ = {isa = PBXFileReference; lastKnownFileType = image.png; name = ok.png; path = ../ok.png; sourceTree = "<group>"; };
		6320045714E9D879006E2FFA /* warning.png */ = {isa = PBXFileReference; lastKnownFileType = image.png; name = warning.png; path = ../warning.png; sourceTree = "<group>"; };
		6320045814E9D879006E2FFA /* warning2.png */ = {isa = PBXFileReference; lastKnownFileType = image.png; name = warning2.png; path = ../warning2.png; sourceTree = "<group>"; };
		6320045D14E9DCE6006E2FFA /* redflag.png */ = {isa = PBXFileReference; lastKnownFileType = image.png; path = redflag.png; sourceTree = "<group>"; };
		6320045F14E9DCF3006E2FFA /* greenflag.png */ = {isa = PBXFileReference; lastKnownFileType = image.png; path = greenflag.png; sourceTree = "<group>"; };
		632A269C14DD8F5300440AA0 /* webservicedetails.h */ = {isa = PBXFileReference; fileEncoding = 4; lastKnownFileType = sourcecode.c.h; path = webservicedetails.h; sourceTree = "<group>"; };
		632A269D14DD8F5300440AA0 /* webservicedetails.m */ = {isa = PBXFileReference; fileEncoding = 4; lastKnownFileType = sourcecode.c.objc; path = webservicedetails.m; sourceTree = "<group>"; };
		632CE30F15A23B3F002FCFAE /* car.m4a */ = {isa = PBXFileReference; lastKnownFileType = file; path = car.m4a; sourceTree = "<group>"; };
		632CE31015A23B3F002FCFAE /* emergency.m4a */ = {isa = PBXFileReference; lastKnownFileType = file; path = emergency.m4a; sourceTree = "<group>"; };
		6335220F160A619900C67428 /* SettingsViewController.h */ = {isa = PBXFileReference; fileEncoding = 4; lastKnownFileType = sourcecode.c.h; name = SettingsViewController.h; path = ../SettingsViewController.h; sourceTree = "<group>"; };
		63352210160A619900C67428 /* SettingsViewController.m */ = {isa = PBXFileReference; fileEncoding = 4; lastKnownFileType = sourcecode.c.objc; name = SettingsViewController.m; path = ../SettingsViewController.m; sourceTree = "<group>"; };
		633DF774150BC5B3000B9B54 /* libCorePlot-CocoaTouch.a */ = {isa = PBXFileReference; lastKnownFileType = archive.ar; path = "libCorePlot-CocoaTouch.a"; sourceTree = "<group>"; };
		633DF777150BC91D000B9B54 /* QuartzCore.framework */ = {isa = PBXFileReference; lastKnownFileType = wrapper.framework; name = QuartzCore.framework; path = System/Library/Frameworks/QuartzCore.framework; sourceTree = SDKROOT; };
		633DF77A150BC9D8000B9B54 /* _CPTConstraintsFixed.h */ = {isa = PBXFileReference; fileEncoding = 4; lastKnownFileType = sourcecode.c.h; path = _CPTConstraintsFixed.h; sourceTree = "<group>"; };
		633DF77B150BC9D8000B9B54 /* _CPTConstraintsRelative.h */ = {isa = PBXFileReference; fileEncoding = 4; lastKnownFileType = sourcecode.c.h; path = _CPTConstraintsRelative.h; sourceTree = "<group>"; };
		633DF77C150BC9D8000B9B54 /* _CPTDarkGradientTheme.h */ = {isa = PBXFileReference; fileEncoding = 4; lastKnownFileType = sourcecode.c.h; path = _CPTDarkGradientTheme.h; sourceTree = "<group>"; };
		633DF77D150BC9D8000B9B54 /* _CPTFillColor.h */ = {isa = PBXFileReference; fileEncoding = 4; lastKnownFileType = sourcecode.c.h; path = _CPTFillColor.h; sourceTree = "<group>"; };
		633DF77E150BC9D8000B9B54 /* _CPTFillGradient.h */ = {isa = PBXFileReference; fileEncoding = 4; lastKnownFileType = sourcecode.c.h; path = _CPTFillGradient.h; sourceTree = "<group>"; };
		633DF77F150BC9D8000B9B54 /* _CPTFillImage.h */ = {isa = PBXFileReference; fileEncoding = 4; lastKnownFileType = sourcecode.c.h; path = _CPTFillImage.h; sourceTree = "<group>"; };
		633DF780150BC9D8000B9B54 /* _CPTPlainBlackTheme.h */ = {isa = PBXFileReference; fileEncoding = 4; lastKnownFileType = sourcecode.c.h; path = _CPTPlainBlackTheme.h; sourceTree = "<group>"; };
		633DF781150BC9D8000B9B54 /* _CPTPlainWhiteTheme.h */ = {isa = PBXFileReference; fileEncoding = 4; lastKnownFileType = sourcecode.c.h; path = _CPTPlainWhiteTheme.h; sourceTree = "<group>"; };
		633DF782150BC9D8000B9B54 /* _CPTSlateTheme.h */ = {isa = PBXFileReference; fileEncoding = 4; lastKnownFileType = sourcecode.c.h; path = _CPTSlateTheme.h; sourceTree = "<group>"; };
		633DF783150BC9D8000B9B54 /* _CPTStocksTheme.h */ = {isa = PBXFileReference; fileEncoding = 4; lastKnownFileType = sourcecode.c.h; path = _CPTStocksTheme.h; sourceTree = "<group>"; };
		633DF784150BC9D8000B9B54 /* _CPTXYTheme.h */ = {isa = PBXFileReference; fileEncoding = 4; lastKnownFileType = sourcecode.c.h; path = _CPTXYTheme.h; sourceTree = "<group>"; };
		633DF785150BC9D8000B9B54 /* CorePlot-CocoaTouch.h */ = {isa = PBXFileReference; fileEncoding = 4; lastKnownFileType = sourcecode.c.h; path = "CorePlot-CocoaTouch.h"; sourceTree = "<group>"; };
		633DF786150BC9D8000B9B54 /* CPTAnnotation.h */ = {isa = PBXFileReference; fileEncoding = 4; lastKnownFileType = sourcecode.c.h; path = CPTAnnotation.h; sourceTree = "<group>"; };
		633DF787150BC9D8000B9B54 /* CPTAnnotationHostLayer.h */ = {isa = PBXFileReference; fileEncoding = 4; lastKnownFileType = sourcecode.c.h; path = CPTAnnotationHostLayer.h; sourceTree = "<group>"; };
		633DF788150BC9D8000B9B54 /* CPTAxis.h */ = {isa = PBXFileReference; fileEncoding = 4; lastKnownFileType = sourcecode.c.h; path = CPTAxis.h; sourceTree = "<group>"; };
		633DF789150BC9D8000B9B54 /* CPTAxisLabel.h */ = {isa = PBXFileReference; fileEncoding = 4; lastKnownFileType = sourcecode.c.h; path = CPTAxisLabel.h; sourceTree = "<group>"; };
		633DF78A150BC9D8000B9B54 /* CPTAxisLabelGroup.h */ = {isa = PBXFileReference; fileEncoding = 4; lastKnownFileType = sourcecode.c.h; path = CPTAxisLabelGroup.h; sourceTree = "<group>"; };
		633DF78B150BC9D8000B9B54 /* CPTAxisSet.h */ = {isa = PBXFileReference; fileEncoding = 4; lastKnownFileType = sourcecode.c.h; path = CPTAxisSet.h; sourceTree = "<group>"; };
		633DF78C150BC9D8000B9B54 /* CPTAxisTitle.h */ = {isa = PBXFileReference; fileEncoding = 4; lastKnownFileType = sourcecode.c.h; path = CPTAxisTitle.h; sourceTree = "<group>"; };
		633DF78D150BC9D8000B9B54 /* CPTBarPlot.h */ = {isa = PBXFileReference; fileEncoding = 4; lastKnownFileType = sourcecode.c.h; path = CPTBarPlot.h; sourceTree = "<group>"; };
		633DF78E150BC9D8000B9B54 /* CPTBorderedLayer.h */ = {isa = PBXFileReference; fileEncoding = 4; lastKnownFileType = sourcecode.c.h; path = CPTBorderedLayer.h; sourceTree = "<group>"; };
		633DF78F150BC9D8000B9B54 /* CPTColor.h */ = {isa = PBXFileReference; fileEncoding = 4; lastKnownFileType = sourcecode.c.h; path = CPTColor.h; sourceTree = "<group>"; };
		633DF790150BC9D8000B9B54 /* CPTColorSpace.h */ = {isa = PBXFileReference; fileEncoding = 4; lastKnownFileType = sourcecode.c.h; path = CPTColorSpace.h; sourceTree = "<group>"; };
		633DF791150BC9D8000B9B54 /* CPTConstraints.h */ = {isa = PBXFileReference; fileEncoding = 4; lastKnownFileType = sourcecode.c.h; path = CPTConstraints.h; sourceTree = "<group>"; };
		633DF792150BC9D8000B9B54 /* CPTDefinitions.h */ = {isa = PBXFileReference; fileEncoding = 4; lastKnownFileType = sourcecode.c.h; path = CPTDefinitions.h; sourceTree = "<group>"; };
		633DF793150BC9D8000B9B54 /* CPTExceptions.h */ = {isa = PBXFileReference; fileEncoding = 4; lastKnownFileType = sourcecode.c.h; path = CPTExceptions.h; sourceTree = "<group>"; };
		633DF794150BC9D8000B9B54 /* CPTFill.h */ = {isa = PBXFileReference; fileEncoding = 4; lastKnownFileType = sourcecode.c.h; path = CPTFill.h; sourceTree = "<group>"; };
		633DF795150BC9D8000B9B54 /* CPTGradient.h */ = {isa = PBXFileReference; fileEncoding = 4; lastKnownFileType = sourcecode.c.h; path = CPTGradient.h; sourceTree = "<group>"; };
		633DF796150BC9D8000B9B54 /* CPTGraph.h */ = {isa = PBXFileReference; fileEncoding = 4; lastKnownFileType = sourcecode.c.h; path = CPTGraph.h; sourceTree = "<group>"; };
		633DF797150BC9D8000B9B54 /* CPTGraphHostingView.h */ = {isa = PBXFileReference; fileEncoding = 4; lastKnownFileType = sourcecode.c.h; path = CPTGraphHostingView.h; sourceTree = "<group>"; };
		633DF798150BC9D8000B9B54 /* CPTGridLineGroup.h */ = {isa = PBXFileReference; fileEncoding = 4; lastKnownFileType = sourcecode.c.h; path = CPTGridLineGroup.h; sourceTree = "<group>"; };
		633DF799150BC9D8000B9B54 /* CPTGridLines.h */ = {isa = PBXFileReference; fileEncoding = 4; lastKnownFileType = sourcecode.c.h; path = CPTGridLines.h; sourceTree = "<group>"; };
		633DF79A150BC9D8000B9B54 /* CPTImage.h */ = {isa = PBXFileReference; fileEncoding = 4; lastKnownFileType = sourcecode.c.h; path = CPTImage.h; sourceTree = "<group>"; };
		633DF79B150BC9D8000B9B54 /* CPTLayer.h */ = {isa = PBXFileReference; fileEncoding = 4; lastKnownFileType = sourcecode.c.h; path = CPTLayer.h; sourceTree = "<group>"; };
		633DF79C150BC9D8000B9B54 /* CPTLayerAnnotation.h */ = {isa = PBXFileReference; fileEncoding = 4; lastKnownFileType = sourcecode.c.h; path = CPTLayerAnnotation.h; sourceTree = "<group>"; };
		633DF79D150BC9D8000B9B54 /* CPTLegend.h */ = {isa = PBXFileReference; fileEncoding = 4; lastKnownFileType = sourcecode.c.h; path = CPTLegend.h; sourceTree = "<group>"; };
		633DF79E150BC9D8000B9B54 /* CPTLegendEntry.h */ = {isa = PBXFileReference; fileEncoding = 4; lastKnownFileType = sourcecode.c.h; path = CPTLegendEntry.h; sourceTree = "<group>"; };
		633DF79F150BC9D8000B9B54 /* CPTLimitBand.h */ = {isa = PBXFileReference; fileEncoding = 4; lastKnownFileType = sourcecode.c.h; path = CPTLimitBand.h; sourceTree = "<group>"; };
		633DF7A0150BC9D8000B9B54 /* CPTLineCap.h */ = {isa = PBXFileReference; fileEncoding = 4; lastKnownFileType = sourcecode.c.h; path = CPTLineCap.h; sourceTree = "<group>"; };
		633DF7A1150BC9D8000B9B54 /* CPTLineStyle.h */ = {isa = PBXFileReference; fileEncoding = 4; lastKnownFileType = sourcecode.c.h; path = CPTLineStyle.h; sourceTree = "<group>"; };
		633DF7A2150BC9D8000B9B54 /* CPTMutableLineStyle.h */ = {isa = PBXFileReference; fileEncoding = 4; lastKnownFileType = sourcecode.c.h; path = CPTMutableLineStyle.h; sourceTree = "<group>"; };
		633DF7A3150BC9D8000B9B54 /* CPTMutableNumericData+TypeConversion.h */ = {isa = PBXFileReference; fileEncoding = 4; lastKnownFileType = sourcecode.c.h; path = "CPTMutableNumericData+TypeConversion.h"; sourceTree = "<group>"; };
		633DF7A4150BC9D8000B9B54 /* CPTMutableNumericData.h */ = {isa = PBXFileReference; fileEncoding = 4; lastKnownFileType = sourcecode.c.h; path = CPTMutableNumericData.h; sourceTree = "<group>"; };
		633DF7A5150BC9D8000B9B54 /* CPTMutablePlotRange.h */ = {isa = PBXFileReference; fileEncoding = 4; lastKnownFileType = sourcecode.c.h; path = CPTMutablePlotRange.h; sourceTree = "<group>"; };
		633DF7A6150BC9D8000B9B54 /* CPTMutableShadow.h */ = {isa = PBXFileReference; fileEncoding = 4; lastKnownFileType = sourcecode.c.h; path = CPTMutableShadow.h; sourceTree = "<group>"; };
		633DF7A7150BC9D8000B9B54 /* CPTMutableTextStyle.h */ = {isa = PBXFileReference; fileEncoding = 4; lastKnownFileType = sourcecode.c.h; path = CPTMutableTextStyle.h; sourceTree = "<group>"; };
		633DF7A8150BC9D8000B9B54 /* CPTNumericData+TypeConversion.h */ = {isa = PBXFileReference; fileEncoding = 4; lastKnownFileType = sourcecode.c.h; path = "CPTNumericData+TypeConversion.h"; sourceTree = "<group>"; };
		633DF7A9150BC9D8000B9B54 /* CPTNumericData.h */ = {isa = PBXFileReference; fileEncoding = 4; lastKnownFileType = sourcecode.c.h; path = CPTNumericData.h; sourceTree = "<group>"; };
		633DF7AA150BC9D8000B9B54 /* CPTNumericDataType.h */ = {isa = PBXFileReference; fileEncoding = 4; lastKnownFileType = sourcecode.c.h; path = CPTNumericDataType.h; sourceTree = "<group>"; };
		633DF7AB150BC9D8000B9B54 /* CPTPathExtensions.h */ = {isa = PBXFileReference; fileEncoding = 4; lastKnownFileType = sourcecode.c.h; path = CPTPathExtensions.h; sourceTree = "<group>"; };
		633DF7AC150BC9D8000B9B54 /* CPTPieChart.h */ = {isa = PBXFileReference; fileEncoding = 4; lastKnownFileType = sourcecode.c.h; path = CPTPieChart.h; sourceTree = "<group>"; };
		633DF7AD150BC9D8000B9B54 /* CPTPlatformSpecificCategories.h */ = {isa = PBXFileReference; fileEncoding = 4; lastKnownFileType = sourcecode.c.h; path = CPTPlatformSpecificCategories.h; sourceTree = "<group>"; };
		633DF7AE150BC9D8000B9B54 /* CPTPlatformSpecificDefines.h */ = {isa = PBXFileReference; fileEncoding = 4; lastKnownFileType = sourcecode.c.h; path = CPTPlatformSpecificDefines.h; sourceTree = "<group>"; };
		633DF7AF150BC9D8000B9B54 /* CPTPlatformSpecificFunctions.h */ = {isa = PBXFileReference; fileEncoding = 4; lastKnownFileType = sourcecode.c.h; path = CPTPlatformSpecificFunctions.h; sourceTree = "<group>"; };
		633DF7B0150BC9D8000B9B54 /* CPTPlot.h */ = {isa = PBXFileReference; fileEncoding = 4; lastKnownFileType = sourcecode.c.h; path = CPTPlot.h; sourceTree = "<group>"; };
		633DF7B1150BC9D8000B9B54 /* CPTPlotArea.h */ = {isa = PBXFileReference; fileEncoding = 4; lastKnownFileType = sourcecode.c.h; path = CPTPlotArea.h; sourceTree = "<group>"; };
		633DF7B2150BC9D8000B9B54 /* CPTPlotAreaFrame.h */ = {isa = PBXFileReference; fileEncoding = 4; lastKnownFileType = sourcecode.c.h; path = CPTPlotAreaFrame.h; sourceTree = "<group>"; };
		633DF7B3150BC9D8000B9B54 /* CPTPlotGroup.h */ = {isa = PBXFileReference; fileEncoding = 4; lastKnownFileType = sourcecode.c.h; path = CPTPlotGroup.h; sourceTree = "<group>"; };
		633DF7B4150BC9D8000B9B54 /* CPTPlotRange.h */ = {isa = PBXFileReference; fileEncoding = 4; lastKnownFileType = sourcecode.c.h; path = CPTPlotRange.h; sourceTree = "<group>"; };
		633DF7B5150BC9D8000B9B54 /* CPTPlotSpace.h */ = {isa = PBXFileReference; fileEncoding = 4; lastKnownFileType = sourcecode.c.h; path = CPTPlotSpace.h; sourceTree = "<group>"; };
		633DF7B6150BC9D8000B9B54 /* CPTPlotSpaceAnnotation.h */ = {isa = PBXFileReference; fileEncoding = 4; lastKnownFileType = sourcecode.c.h; path = CPTPlotSpaceAnnotation.h; sourceTree = "<group>"; };
		633DF7B7150BC9D8000B9B54 /* CPTPlotSymbol.h */ = {isa = PBXFileReference; fileEncoding = 4; lastKnownFileType = sourcecode.c.h; path = CPTPlotSymbol.h; sourceTree = "<group>"; };
		633DF7B8150BC9D8000B9B54 /* CPTRangePlot.h */ = {isa = PBXFileReference; fileEncoding = 4; lastKnownFileType = sourcecode.c.h; path = CPTRangePlot.h; sourceTree = "<group>"; };
		633DF7B9150BC9D8000B9B54 /* CPTResponder.h */ = {isa = PBXFileReference; fileEncoding = 4; lastKnownFileType = sourcecode.c.h; path = CPTResponder.h; sourceTree = "<group>"; };
		633DF7BA150BC9D8000B9B54 /* CPTScatterPlot.h */ = {isa = PBXFileReference; fileEncoding = 4; lastKnownFileType = sourcecode.c.h; path = CPTScatterPlot.h; sourceTree = "<group>"; };
		633DF7BB150BC9D8000B9B54 /* CPTShadow.h */ = {isa = PBXFileReference; fileEncoding = 4; lastKnownFileType = sourcecode.c.h; path = CPTShadow.h; sourceTree = "<group>"; };
		633DF7BC150BC9D8000B9B54 /* CPTTextLayer.h */ = {isa = PBXFileReference; fileEncoding = 4; lastKnownFileType = sourcecode.c.h; path = CPTTextLayer.h; sourceTree = "<group>"; };
		633DF7BD150BC9D8000B9B54 /* CPTTextStyle.h */ = {isa = PBXFileReference; fileEncoding = 4; lastKnownFileType = sourcecode.c.h; path = CPTTextStyle.h; sourceTree = "<group>"; };
		633DF7BE150BC9D8000B9B54 /* CPTTheme.h */ = {isa = PBXFileReference; fileEncoding = 4; lastKnownFileType = sourcecode.c.h; path = CPTTheme.h; sourceTree = "<group>"; };
		633DF7BF150BC9D8000B9B54 /* CPTTimeFormatter.h */ = {isa = PBXFileReference; fileEncoding = 4; lastKnownFileType = sourcecode.c.h; path = CPTTimeFormatter.h; sourceTree = "<group>"; };
		633DF7C0150BC9D8000B9B54 /* CPTTradingRangePlot.h */ = {isa = PBXFileReference; fileEncoding = 4; lastKnownFileType = sourcecode.c.h; path = CPTTradingRangePlot.h; sourceTree = "<group>"; };
		633DF7C1150BC9D8000B9B54 /* CPTUtilities.h */ = {isa = PBXFileReference; fileEncoding = 4; lastKnownFileType = sourcecode.c.h; path = CPTUtilities.h; sourceTree = "<group>"; };
		633DF7C2150BC9D8000B9B54 /* CPTXYAxis.h */ = {isa = PBXFileReference; fileEncoding = 4; lastKnownFileType = sourcecode.c.h; path = CPTXYAxis.h; sourceTree = "<group>"; };
		633DF7C3150BC9D8000B9B54 /* CPTXYAxisSet.h */ = {isa = PBXFileReference; fileEncoding = 4; lastKnownFileType = sourcecode.c.h; path = CPTXYAxisSet.h; sourceTree = "<group>"; };
		633DF7C4150BC9D8000B9B54 /* CPTXYGraph.h */ = {isa = PBXFileReference; fileEncoding = 4; lastKnownFileType = sourcecode.c.h; path = CPTXYGraph.h; sourceTree = "<group>"; };
		633DF7C5150BC9D8000B9B54 /* CPTXYPlotSpace.h */ = {isa = PBXFileReference; fileEncoding = 4; lastKnownFileType = sourcecode.c.h; path = CPTXYPlotSpace.h; sourceTree = "<group>"; };
		633DF7C6150BC9D8000B9B54 /* NSCoderExtensions.h */ = {isa = PBXFileReference; fileEncoding = 4; lastKnownFileType = sourcecode.c.h; path = NSCoderExtensions.h; sourceTree = "<group>"; };
		633DF7C7150BC9D8000B9B54 /* NSDecimalNumberExtensions.h */ = {isa = PBXFileReference; fileEncoding = 4; lastKnownFileType = sourcecode.c.h; path = NSDecimalNumberExtensions.h; sourceTree = "<group>"; };
		633DF7C8150BC9D8000B9B54 /* NSNumberExtensions.h */ = {isa = PBXFileReference; fileEncoding = 4; lastKnownFileType = sourcecode.c.h; path = NSNumberExtensions.h; sourceTree = "<group>"; };
		63412DA61583D73400C8768B /* WebServiceConnection.h */ = {isa = PBXFileReference; fileEncoding = 4; lastKnownFileType = sourcecode.c.h; path = WebServiceConnection.h; sourceTree = "<group>"; };
		63412DA71583D73400C8768B /* WebServiceConnection.m */ = {isa = PBXFileReference; fileEncoding = 4; lastKnownFileType = sourcecode.c.objc; path = WebServiceConnection.m; sourceTree = "<group>"; };
		634C8CBF14E6B14200CCF1EA /* ActivityAlertView.h */ = {isa = PBXFileReference; fileEncoding = 4; lastKnownFileType = sourcecode.c.h; path = ActivityAlertView.h; sourceTree = "<group>"; };
		634C8CC014E6B14200CCF1EA /* ActivityAlertView.m */ = {isa = PBXFileReference; fileEncoding = 4; lastKnownFileType = sourcecode.c.objc; path = ActivityAlertView.m; sourceTree = "<group>"; };
		63572CAA15B37EE0005F1E3A /* Localizable.strings */ = {isa = PBXFileReference; fileEncoding = 4; lastKnownFileType = text.plist.strings; path = Localizable.strings; sourceTree = "<group>"; };
		6360CDB61607AE1600A3226E /* nodesInCollectionViewViewController.h */ = {isa = PBXFileReference; fileEncoding = 4; lastKnownFileType = sourcecode.c.h; path = nodesInCollectionViewViewController.h; sourceTree = "<group>"; };
		6360CDB71607AE1600A3226E /* nodesInCollectionViewViewController.m */ = {isa = PBXFileReference; fileEncoding = 4; lastKnownFileType = sourcecode.c.objc; path = nodesInCollectionViewViewController.m; sourceTree = "<group>"; };
		6360CDBA1607BA1700A3226E /* collectionViewCell.h */ = {isa = PBXFileReference; fileEncoding = 4; lastKnownFileType = sourcecode.c.h; path = collectionViewCell.h; sourceTree = "<group>"; };
		6360CDBB1607BA1700A3226E /* collectionViewCell.m */ = {isa = PBXFileReference; fileEncoding = 4; lastKnownFileType = sourcecode.c.objc; path = collectionViewCell.m; sourceTree = "<group>"; };
		636580B01606125C00C4A128 /* Default-568h@2x.png */ = {isa = PBXFileReference; lastKnownFileType = image.png; path = "Default-568h@2x.png"; sourceTree = "<group>"; };
		6369169B14F978DC00C92B23 /* graphview.h */ = {isa = PBXFileReference; fileEncoding = 4; lastKnownFileType = sourcecode.c.h; path = graphview.h; sourceTree = "<group>"; };
		6369169C14F978DC00C92B23 /* graphview.m */ = {isa = PBXFileReference; fileEncoding = 4; lastKnownFileType = sourcecode.c.objc; path = graphview.m; sourceTree = "<group>"; };
		636DF69614D5C4DB009C93FF /* dollaru.png */ = {isa = PBXFileReference; lastKnownFileType = image.png; name = dollaru.png; path = ../dollaru.png; sourceTree = "<group>"; };
		6373C4F815DB0C9000FA50C5 /* iDUFirstViewController.m */ = {isa = PBXFileReference; fileEncoding = 4; lastKnownFileType = sourcecode.c.objc; path = iDUFirstViewController.m; sourceTree = "<group>"; };
		638A1420160F714900B24627 /* AnimationViewController.h */ = {isa = PBXFileReference; fileEncoding = 4; lastKnownFileType = sourcecode.c.h; path = AnimationViewController.h; sourceTree = "<group>"; };
		638A1421160F714900B24627 /* AnimationViewController.m */ = {isa = PBXFileReference; fileEncoding = 4; lastKnownFileType = sourcecode.c.objc; path = AnimationViewController.m; sourceTree = "<group>"; };
		638A1422160F714900B24627 /* AnimationViewController.xib */ = {isa = PBXFileReference; fileEncoding = 4; lastKnownFileType = file.xib; path = AnimationViewController.xib; sourceTree = "<group>"; };
		638EE93A150BCC50006B10C1 /* PlotItem.h */ = {isa = PBXFileReference; fileEncoding = 4; lastKnownFileType = sourcecode.c.h; path = PlotItem.h; sourceTree = "<group>"; };
		638EE93B150BCC50006B10C1 /* PlotItem.m */ = {isa = PBXFileReference; fileEncoding = 4; lastKnownFileType = sourcecode.c.objc; path = PlotItem.m; sourceTree = "<group>"; };
		638EE93D150BCC70006B10C1 /* PlotGallery.h */ = {isa = PBXFileReference; fileEncoding = 4; lastKnownFileType = sourcecode.c.h; path = PlotGallery.h; sourceTree = "<group>"; };
		638EE93E150BCC70006B10C1 /* PlotGallery.m */ = {isa = PBXFileReference; fileEncoding = 4; lastKnownFileType = sourcecode.c.objc; path = PlotGallery.m; sourceTree = "<group>"; };
		638EE940150BDE6E006B10C1 /* SimplePieChart.h */ = {isa = PBXFileReference; fileEncoding = 4; lastKnownFileType = sourcecode.c.h; path = SimplePieChart.h; sourceTree = "<group>"; };
		638EE941150BDE6E006B10C1 /* SimplePieChart.m */ = {isa = PBXFileReference; fileEncoding = 4; lastKnownFileType = sourcecode.c.objc; path = SimplePieChart.m; sourceTree = "<group>"; };
		639C12D41606613F0053EA51 /* getJobs.h */ = {isa = PBXFileReference; fileEncoding = 4; lastKnownFileType = sourcecode.c.h; path = getJobs.h; sourceTree = "<group>"; };
		639C12D51606613F0053EA51 /* getJobs.m */ = {isa = PBXFileReference; fileEncoding = 4; lastKnownFileType = sourcecode.c.objc; path = getJobs.m; sourceTree = "<group>"; };
		639DA1BF14D4494500EA3372 /* iDU.app */ = {isa = PBXFileReference; explicitFileType = wrapper.application; includeInIndex = 0; path = iDU.app; sourceTree = BUILT_PRODUCTS_DIR; };
		639DA1C314D4494500EA3372 /* UIKit.framework */ = {isa = PBXFileReference; lastKnownFileType = wrapper.framework; name = UIKit.framework; path = System/Library/Frameworks/UIKit.framework; sourceTree = SDKROOT; };
		639DA1C514D4494500EA3372 /* Foundation.framework */ = {isa = PBXFileReference; lastKnownFileType = wrapper.framework; name = Foundation.framework; path = System/Library/Frameworks/Foundation.framework; sourceTree = SDKROOT; };
		639DA1C714D4494500EA3372 /* CoreGraphics.framework */ = {isa = PBXFileReference; lastKnownFileType = wrapper.framework; name = CoreGraphics.framework; path = System/Library/Frameworks/CoreGraphics.framework; sourceTree = SDKROOT; };
		639DA1CB14D4494500EA3372 /* iDU-Info.plist */ = {isa = PBXFileReference; lastKnownFileType = text.plist.xml; path = "iDU-Info.plist"; sourceTree = "<group>"; };
		639DA1CD14D4494500EA3372 /* en */ = {isa = PBXFileReference; lastKnownFileType = text.plist.strings; name = en; path = en.lproj/InfoPlist.strings; sourceTree = "<group>"; };
		639DA1CF14D4494500EA3372 /* main.m */ = {isa = PBXFileReference; lastKnownFileType = sourcecode.c.objc; path = main.m; sourceTree = "<group>"; };
		639DA1D114D4494500EA3372 /* iDU-Prefix.pch */ = {isa = PBXFileReference; lastKnownFileType = sourcecode.c.h; path = "iDU-Prefix.pch"; sourceTree = "<group>"; };
		639DA1D214D4494500EA3372 /* iDUAppDelegate.h */ = {isa = PBXFileReference; lastKnownFileType = sourcecode.c.h; path = iDUAppDelegate.h; sourceTree = "<group>"; };
		639DA1D314D4494500EA3372 /* iDUAppDelegate.m */ = {isa = PBXFileReference; lastKnownFileType = sourcecode.c.objc; path = iDUAppDelegate.m; sourceTree = "<group>"; };
		639DA1D614D4494500EA3372 /* en */ = {isa = PBXFileReference; lastKnownFileType = file.storyboard; name = en; path = en.lproj/MainStoryboard.storyboard; sourceTree = "<group>"; };
		639DA1D814D4494500EA3372 /* iDUFirstViewController.h */ = {isa = PBXFileReference; lastKnownFileType = sourcecode.c.h; path = iDUFirstViewController.h; sourceTree = "<group>"; };
		639DA1DF14D4494500EA3372 /* iDUSecondViewController.h */ = {isa = PBXFileReference; lastKnownFileType = sourcecode.c.h; path = iDUSecondViewController.h; sourceTree = "<group>"; };
		639DA1E014D4494500EA3372 /* iDUSecondViewController.m */ = {isa = PBXFileReference; lastKnownFileType = sourcecode.c.objc; path = iDUSecondViewController.m; sourceTree = "<group>"; };
		639DA1FE14D44C2200EA3372 /* libxml2.dylib */ = {isa = PBXFileReference; lastKnownFileType = "compiled.mach-o.dylib"; name = libxml2.dylib; path = usr/lib/libxml2.dylib; sourceTree = SDKROOT; };
		63A103171644313D00F1F9F3 /* LoginViewController.h */ = {isa = PBXFileReference; fileEncoding = 4; lastKnownFileType = sourcecode.c.h; path = LoginViewController.h; sourceTree = "<group>"; };
		63A103181644313D00F1F9F3 /* LoginViewController.m */ = {isa = PBXFileReference; fileEncoding = 4; lastKnownFileType = sourcecode.c.objc; path = LoginViewController.m; sourceTree = "<group>"; };
		63A1031B16447E7600F1F9F3 /* TabViewController.h */ = {isa = PBXFileReference; fileEncoding = 4; lastKnownFileType = sourcecode.c.h; path = TabViewController.h; sourceTree = "<group>"; };
		63A1031C16447E7600F1F9F3 /* TabViewController.m */ = {isa = PBXFileReference; fileEncoding = 4; lastKnownFileType = sourcecode.c.objc; path = TabViewController.m; sourceTree = "<group>"; };
		63A1031E164488D100F1F9F3 /* Password.png */ = {isa = PBXFileReference; lastKnownFileType = image.png; path = Password.png; sourceTree = "<group>"; };
		63A92B2F15CB1DF900D03CDF /* DUInactive.png */ = {isa = PBXFileReference; lastKnownFileType = image.png; path = DUInactive.png; sourceTree = "<group>"; };
		63AF83E514D617DB004A2E3B /* preferences.png */ = {isa = PBXFileReference; lastKnownFileType = image.png; path = preferences.png; sourceTree = "<group>"; };
		63AF83E714D617F6004A2E3B /* world.png */ = {isa = PBXFileReference; lastKnownFileType = image.png; path = world.png; sourceTree = "<group>"; };
		63AF83E914D61857004A2E3B /* connections.png */ = {isa = PBXFileReference; lastKnownFileType = image.png; path = connections.png; sourceTree = "<group>"; };
		63AF83ED14D618D1004A2E3B /* house.png */ = {isa = PBXFileReference; lastKnownFileType = image.png; path = house.png; sourceTree = "<group>"; };
		63BB22AE14D755A200B7483F /* jobruns.h */ = {isa = PBXFileReference; fileEncoding = 4; lastKnownFileType = sourcecode.c.h; path = jobruns.h; sourceTree = "<group>"; };
		63BB22AF14D755A200B7483F /* jobruns.m */ = {isa = PBXFileReference; fileEncoding = 4; lastKnownFileType = sourcecode.c.objc; path = jobruns.m; sourceTree = "<group>"; };
		63C8B5D81617035900CA4F2A /* pageTestRootViewController.h */ = {isa = PBXFileReference; lastKnownFileType = sourcecode.c.h; path = pageTestRootViewController.h; sourceTree = "<group>"; };
		63C8B5D91617035900CA4F2A /* pageTestRootViewController.m */ = {isa = PBXFileReference; lastKnownFileType = sourcecode.c.objc; path = pageTestRootViewController.m; sourceTree = "<group>"; };
		63C8B5DB1617036C00CA4F2A /* pageTestModelController.h */ = {isa = PBXFileReference; lastKnownFileType = sourcecode.c.h; path = pageTestModelController.h; sourceTree = "<group>"; };
		63C8B5DC1617036C00CA4F2A /* pageTestModelController.m */ = {isa = PBXFileReference; lastKnownFileType = sourcecode.c.objc; path = pageTestModelController.m; sourceTree = "<group>"; };
		63C8B5F01617489C00CA4F2A /* ColoredBarChart.h */ = {isa = PBXFileReference; fileEncoding = 4; lastKnownFileType = sourcecode.c.h; path = ColoredBarChart.h; sourceTree = "<group>"; };
		63C8B5F11617489C00CA4F2A /* ColoredBarChart.m */ = {isa = PBXFileReference; fileEncoding = 4; lastKnownFileType = sourcecode.c.objc; path = ColoredBarChart.m; sourceTree = "<group>"; };
		63CEED49157AA58D00459131 /* heart.png */ = {isa = PBXFileReference; lastKnownFileType = image.png; path = heart.png; sourceTree = "<group>"; };
		63CEED4C157AA60100459131 /* filter.png */ = {isa = PBXFileReference; lastKnownFileType = image.png; path = filter.png; sourceTree = "<group>"; };
		63CEED4E157AA86000459131 /* filterpreferences.h */ = {isa = PBXFileReference; fileEncoding = 4; lastKnownFileType = sourcecode.c.h; path = filterpreferences.h; sourceTree = "<group>"; };
		63CEED4F157AA86000459131 /* filterpreferences.m */ = {isa = PBXFileReference; fileEncoding = 4; lastKnownFileType = sourcecode.c.objc; path = filterpreferences.m; sourceTree = "<group>"; };
		63D3756214DD51E10064CB02 /* arrowdown.png */ = {isa = PBXFileReference; lastKnownFileType = image.png; path = arrowdown.png; sourceTree = "<group>"; };
		63D3756314DD51E10064CB02 /* arrowup.png */ = {isa = PBXFileReference; lastKnownFileType = image.png; path = arrowup.png; sourceTree = "<group>"; };
		63D3756714DD67480064CB02 /* settings.h */ = {isa = PBXFileReference; fileEncoding = 4; lastKnownFileType = sourcecode.c.h; path = settings.h; sourceTree = "<group>"; };
		63D3756814DD67480064CB02 /* settings.m */ = {isa = PBXFileReference; fileEncoding = 4; lastKnownFileType = sourcecode.c.objc; path = settings.m; sourceTree = "<group>"; };
		63D51FE61584DA8500F53449 /* ManageDefaults.h */ = {isa = PBXFileReference; fileEncoding = 4; lastKnownFileType = sourcecode.c.h; path = ManageDefaults.h; sourceTree = "<group>"; };
		63D51FE71584DA8500F53449 /* ManageDefaults.m */ = {isa = PBXFileReference; fileEncoding = 4; lastKnownFileType = sourcecode.c.objc; path = ManageDefaults.m; sourceTree = "<group>"; };
		63DB3F0A14EFACEB00D30319 /* joblog.h */ = {isa = PBXFileReference; fileEncoding = 4; lastKnownFileType = sourcecode.c.h; path = joblog.h; sourceTree = "<group>"; };
		63DB3F0B14EFACEB00D30319 /* joblog.m */ = {isa = PBXFileReference; fileEncoding = 4; lastKnownFileType = sourcecode.c.objc; path = joblog.m; sourceTree = "<group>"; };
		63DFF02F158D03B3004061CE /* computePeriod.h */ = {isa = PBXFileReference; fileEncoding = 4; lastKnownFileType = sourcecode.c.h; path = computePeriod.h; sourceTree = "<group>"; };
		63DFF030158D03B3004061CE /* computePeriod.m */ = {isa = PBXFileReference; fileEncoding = 4; lastKnownFileType = sourcecode.c.objc; path = computePeriod.m; sourceTree = "<group>"; };
		63E0CEFB151E8ACC00CDE588 /* DU.png */ = {isa = PBXFileReference; lastKnownFileType = image.png; path = DU.png; sourceTree = "<group>"; };
		63E9D5741576BA9300F59C97 /* DuWebServiceSvc.h */ = {isa = PBXFileReference; fileEncoding = 4; lastKnownFileType = sourcecode.c.h; path = DuWebServiceSvc.h; sourceTree = "<group>"; };
		63E9D5751576BA9300F59C97 /* DuWebServiceSvc.m */ = {isa = PBXFileReference; fileEncoding = 4; lastKnownFileType = sourcecode.c.objc; path = DuWebServiceSvc.m; sourceTree = "<group>"; };
		63E9D5761576BA9300F59C97 /* NSDate+ISO8601Parsing.h */ = {isa = PBXFileReference; fileEncoding = 4; lastKnownFileType = sourcecode.c.h; path = "NSDate+ISO8601Parsing.h"; sourceTree = "<group>"; };
		63E9D5771576BA9300F59C97 /* NSDate+ISO8601Parsing.m */ = {isa = PBXFileReference; fileEncoding = 4; lastKnownFileType = sourcecode.c.objc; path = "NSDate+ISO8601Parsing.m"; sourceTree = "<group>"; };
		63E9D5781576BA9300F59C97 /* NSDate+ISO8601Unparsing.h */ = {isa = PBXFileReference; fileEncoding = 4; lastKnownFileType = sourcecode.c.h; path = "NSDate+ISO8601Unparsing.h"; sourceTree = "<group>"; };
		63E9D5791576BA9300F59C97 /* NSDate+ISO8601Unparsing.m */ = {isa = PBXFileReference; fileEncoding = 4; lastKnownFileType = sourcecode.c.objc; path = "NSDate+ISO8601Unparsing.m"; sourceTree = "<group>"; };
		63E9D57A1576BA9300F59C97 /* USAdditions.h */ = {isa = PBXFileReference; fileEncoding = 4; lastKnownFileType = sourcecode.c.h; path = USAdditions.h; sourceTree = "<group>"; };
		63E9D57B1576BA9300F59C97 /* USAdditions.m */ = {isa = PBXFileReference; fileEncoding = 4; lastKnownFileType = sourcecode.c.objc; path = USAdditions.m; sourceTree = "<group>"; };
		63E9D57C1576BA9300F59C97 /* USGlobals.h */ = {isa = PBXFileReference; fileEncoding = 4; lastKnownFileType = sourcecode.c.h; path = USGlobals.h; sourceTree = "<group>"; };
		63E9D57D1576BA9300F59C97 /* USGlobals.m */ = {isa = PBXFileReference; fileEncoding = 4; lastKnownFileType = sourcecode.c.objc; path = USGlobals.m; sourceTree = "<group>"; };
		63E9D57E1576BA9300F59C97 /* xs.h */ = {isa = PBXFileReference; fileEncoding = 4; lastKnownFileType = sourcecode.c.h; path = xs.h; sourceTree = "<group>"; };
		63E9D57F1576BA9300F59C97 /* xs.m */ = {isa = PBXFileReference; fileEncoding = 4; lastKnownFileType = sourcecode.c.objc; path = xs.m; sourceTree = "<group>"; };
		63EA36C515FCF243005F8A10 /* rerun.png */ = {isa = PBXFileReference; lastKnownFileType = image.png; path = rerun.png; sourceTree = "<group>"; };
		63EA36C815FCF483005F8A10 /* rerunblue.png */ = {isa = PBXFileReference; lastKnownFileType = image.png; path = rerunblue.png; sourceTree = "<group>"; };
		63EAEE2814EFEB97008517FE /* joblogdetails.h */ = {isa = PBXFileReference; fileEncoding = 4; lastKnownFileType = sourcecode.c.h; path = joblogdetails.h; sourceTree = "<group>"; };
		63EAEE2914EFEB97008517FE /* joblogdetails.m */ = {isa = PBXFileReference; fileEncoding = 4; lastKnownFileType = sourcecode.c.objc; path = joblogdetails.m; sourceTree = "<group>"; };
		63EE8B75159F869100B53EAE /* carat-open.png */ = {isa = PBXFileReference; lastKnownFileType = image.png; path = "carat-open.png"; sourceTree = "<group>"; };
		63EE8B76159F869100B53EAE /* carat.png */ = {isa = PBXFileReference; lastKnownFileType = image.png; path = carat.png; sourceTree = "<group>"; };
		63EE8B7A159F86CF00B53EAE /* SectionHeaderView.h */ = {isa = PBXFileReference; fileEncoding = 4; lastKnownFileType = sourcecode.c.h; path = SectionHeaderView.h; sourceTree = "<group>"; };
		63EE8B7B159F86CF00B53EAE /* SectionHeaderView.m */ = {isa = PBXFileReference; fileEncoding = 4; lastKnownFileType = sourcecode.c.objc; path = SectionHeaderView.m; sourceTree = "<group>"; };
		63EE8B7D159F886900B53EAE /* SectionInfo.h */ = {isa = PBXFileReference; fileEncoding = 4; lastKnownFileType = sourcecode.c.h; path = SectionInfo.h; sourceTree = "<group>"; };
		63EE8B7E159F886900B53EAE /* SectionInfo.m */ = {isa = PBXFileReference; fileEncoding = 4; lastKnownFileType = sourcecode.c.objc; path = SectionInfo.m; sourceTree = "<group>"; };
		63F3EE0415EA5D3D001E08AE /* user.png */ = {isa = PBXFileReference; lastKnownFileType = image.png; path = user.png; sourceTree = "<group>"; };
		63F3EE0515EA5D3D001E08AE /* server.png */ = {isa = PBXFileReference; lastKnownFileType = image.png; path = server.png; sourceTree = "<group>"; };
		63F3EE0615EA5D3D001E08AE /* port.png */ = {isa = PBXFileReference; lastKnownFileType = image.png; path = port.png; sourceTree = "<group>"; };
		63F3EE0715EA5D3D001E08AE /* question.png */ = {isa = PBXFileReference; lastKnownFileType = image.png; path = question.png; sourceTree = "<group>"; };
		63F3EE1115EA5F21001E08AE /* company.png */ = {isa = PBXFileReference; lastKnownFileType = image.png; path = company.png; sourceTree = "<group>"; };
		63F3EE1315EA6084001E08AE /* area.png */ = {isa = PBXFileReference; lastKnownFileType = image.png; path = area.png; sourceTree = "<group>"; };
		63F3EE1515EAABF7001E08AE /* calendar.png */ = {isa = PBXFileReference; lastKnownFileType = image.png; path = calendar.png; sourceTree = "<group>"; };
		63F3EE1715EAAD16001E08AE /* numberblue.png */ = {isa = PBXFileReference; lastKnownFileType = image.png; path = numberblue.png; sourceTree = "<group>"; };
		63F3EE1D15EAADB9001E08AE /* numberorange.png */ = {isa = PBXFileReference; lastKnownFileType = image.png; path = numberorange.png; sourceTree = "<group>"; };
		63F3EE1F15EAAE05001E08AE /* url2.png */ = {isa = PBXFileReference; lastKnownFileType = image.png; path = url2.png; sourceTree = "<group>"; };
/* End PBXFileReference section */

/* Begin PBXFrameworksBuildPhase section */
		639DA1BC14D4494500EA3372 /* Frameworks */ = {
			isa = PBXFrameworksBuildPhase;
			buildActionMask = 2147483647;
			files = (
				633DF778150BC91D000B9B54 /* QuartzCore.framework in Frameworks */,
				633DF776150BC60C000B9B54 /* libCorePlot-CocoaTouch.a in Frameworks */,
				639DA1FF14D44C2200EA3372 /* libxml2.dylib in Frameworks */,
				639DA1C414D4494500EA3372 /* UIKit.framework in Frameworks */,
				639DA1C614D4494500EA3372 /* Foundation.framework in Frameworks */,
				639DA1C814D4494500EA3372 /* CoreGraphics.framework in Frameworks */,
			);
			runOnlyForDeploymentPostprocessing = 0;
		};
/* End PBXFrameworksBuildPhase section */

/* Begin PBXGroup section */
		6320045C14E9D883006E2FFA /* png */ = {
			isa = PBXGroup;
			children = (
				63A1031E164488D100F1F9F3 /* Password.png */,
				63F3EE1515EAABF7001E08AE /* calendar.png */,
				63EE8B75159F869100B53EAE /* carat-open.png */,
				63F3EE0415EA5D3D001E08AE /* user.png */,
				63F3EE0515EA5D3D001E08AE /* server.png */,
				63EA36C515FCF243005F8A10 /* rerun.png */,
				63F3EE0615EA5D3D001E08AE /* port.png */,
				63F3EE0715EA5D3D001E08AE /* question.png */,
				63F3EE1315EA6084001E08AE /* area.png */,
				63EE8B76159F869100B53EAE /* carat.png */,
				63F3EE1115EA5F21001E08AE /* company.png */,
				63CEED4C157AA60100459131 /* filter.png */,
				63CEED49157AA58D00459131 /* heart.png */,
				63E0CEFB151E8ACC00CDE588 /* DU.png */,
				63D3756314DD51E10064CB02 /* arrowup.png */,
				63F3EE1F15EAAE05001E08AE /* url2.png */,
				636DF69614D5C4DB009C93FF /* dollaru.png */,
				63F3EE1715EAAD16001E08AE /* numberblue.png */,
				63A92B2F15CB1DF900D03CDF /* DUInactive.png */,
				63F3EE1D15EAADB9001E08AE /* numberorange.png */,
				6320045314E9D866006E2FFA /* ko.png */,
				6320045614E9D879006E2FFA /* ok.png */,
				630D3C9814D9FA53001E5224 /* dollaru3.png */,
				63EA36C815FCF483005F8A10 /* rerunblue.png */,
				63AF83E514D617DB004A2E3B /* preferences.png */,
				63AF83E914D61857004A2E3B /* connections.png */,
				63D3756214DD51E10064CB02 /* arrowdown.png */,
				6320045F14E9DCF3006E2FFA /* greenflag.png */,
				6320045D14E9DCE6006E2FFA /* redflag.png */,
				63AF83E714D617F6004A2E3B /* world.png */,
				63AF83ED14D618D1004A2E3B /* house.png */,
				6320045714E9D879006E2FFA /* warning.png */,
				6320045814E9D879006E2FFA /* warning2.png */,
			);
			name = png;
			sourceTree = "<group>";
		};
		632CE31415A23B4D002FCFAE /* sounds */ = {
			isa = PBXGroup;
			children = (
				632CE30F15A23B3F002FCFAE /* car.m4a */,
				632CE31015A23B3F002FCFAE /* emergency.m4a */,
			);
			name = sounds;
			sourceTree = "<group>";
		};
		633DF779150BC9D8000B9B54 /* CorePlotHeaders */ = {
			isa = PBXGroup;
			children = (
				633DF77A150BC9D8000B9B54 /* _CPTConstraintsFixed.h */,
				633DF77B150BC9D8000B9B54 /* _CPTConstraintsRelative.h */,
				633DF77C150BC9D8000B9B54 /* _CPTDarkGradientTheme.h */,
				633DF77D150BC9D8000B9B54 /* _CPTFillColor.h */,
				633DF77E150BC9D8000B9B54 /* _CPTFillGradient.h */,
				633DF77F150BC9D8000B9B54 /* _CPTFillImage.h */,
				633DF780150BC9D8000B9B54 /* _CPTPlainBlackTheme.h */,
				633DF781150BC9D8000B9B54 /* _CPTPlainWhiteTheme.h */,
				633DF782150BC9D8000B9B54 /* _CPTSlateTheme.h */,
				633DF783150BC9D8000B9B54 /* _CPTStocksTheme.h */,
				633DF784150BC9D8000B9B54 /* _CPTXYTheme.h */,
				633DF785150BC9D8000B9B54 /* CorePlot-CocoaTouch.h */,
				633DF786150BC9D8000B9B54 /* CPTAnnotation.h */,
				633DF787150BC9D8000B9B54 /* CPTAnnotationHostLayer.h */,
				633DF788150BC9D8000B9B54 /* CPTAxis.h */,
				633DF789150BC9D8000B9B54 /* CPTAxisLabel.h */,
				633DF78A150BC9D8000B9B54 /* CPTAxisLabelGroup.h */,
				633DF78B150BC9D8000B9B54 /* CPTAxisSet.h */,
				633DF78C150BC9D8000B9B54 /* CPTAxisTitle.h */,
				633DF78D150BC9D8000B9B54 /* CPTBarPlot.h */,
				633DF78E150BC9D8000B9B54 /* CPTBorderedLayer.h */,
				633DF78F150BC9D8000B9B54 /* CPTColor.h */,
				633DF790150BC9D8000B9B54 /* CPTColorSpace.h */,
				633DF791150BC9D8000B9B54 /* CPTConstraints.h */,
				633DF792150BC9D8000B9B54 /* CPTDefinitions.h */,
				633DF793150BC9D8000B9B54 /* CPTExceptions.h */,
				633DF794150BC9D8000B9B54 /* CPTFill.h */,
				633DF795150BC9D8000B9B54 /* CPTGradient.h */,
				633DF796150BC9D8000B9B54 /* CPTGraph.h */,
				633DF797150BC9D8000B9B54 /* CPTGraphHostingView.h */,
				633DF798150BC9D8000B9B54 /* CPTGridLineGroup.h */,
				633DF799150BC9D8000B9B54 /* CPTGridLines.h */,
				633DF79A150BC9D8000B9B54 /* CPTImage.h */,
				633DF79B150BC9D8000B9B54 /* CPTLayer.h */,
				633DF79C150BC9D8000B9B54 /* CPTLayerAnnotation.h */,
				633DF79D150BC9D8000B9B54 /* CPTLegend.h */,
				633DF79E150BC9D8000B9B54 /* CPTLegendEntry.h */,
				633DF79F150BC9D8000B9B54 /* CPTLimitBand.h */,
				633DF7A0150BC9D8000B9B54 /* CPTLineCap.h */,
				633DF7A1150BC9D8000B9B54 /* CPTLineStyle.h */,
				633DF7A2150BC9D8000B9B54 /* CPTMutableLineStyle.h */,
				633DF7A3150BC9D8000B9B54 /* CPTMutableNumericData+TypeConversion.h */,
				633DF7A4150BC9D8000B9B54 /* CPTMutableNumericData.h */,
				633DF7A5150BC9D8000B9B54 /* CPTMutablePlotRange.h */,
				633DF7A6150BC9D8000B9B54 /* CPTMutableShadow.h */,
				633DF7A7150BC9D8000B9B54 /* CPTMutableTextStyle.h */,
				633DF7A8150BC9D8000B9B54 /* CPTNumericData+TypeConversion.h */,
				633DF7A9150BC9D8000B9B54 /* CPTNumericData.h */,
				633DF7AA150BC9D8000B9B54 /* CPTNumericDataType.h */,
				633DF7AB150BC9D8000B9B54 /* CPTPathExtensions.h */,
				633DF7AC150BC9D8000B9B54 /* CPTPieChart.h */,
				633DF7AD150BC9D8000B9B54 /* CPTPlatformSpecificCategories.h */,
				633DF7AE150BC9D8000B9B54 /* CPTPlatformSpecificDefines.h */,
				633DF7AF150BC9D8000B9B54 /* CPTPlatformSpecificFunctions.h */,
				633DF7B0150BC9D8000B9B54 /* CPTPlot.h */,
				633DF7B1150BC9D8000B9B54 /* CPTPlotArea.h */,
				633DF7B2150BC9D8000B9B54 /* CPTPlotAreaFrame.h */,
				633DF7B3150BC9D8000B9B54 /* CPTPlotGroup.h */,
				633DF7B4150BC9D8000B9B54 /* CPTPlotRange.h */,
				633DF7B5150BC9D8000B9B54 /* CPTPlotSpace.h */,
				633DF7B6150BC9D8000B9B54 /* CPTPlotSpaceAnnotation.h */,
				633DF7B7150BC9D8000B9B54 /* CPTPlotSymbol.h */,
				633DF7B8150BC9D8000B9B54 /* CPTRangePlot.h */,
				633DF7B9150BC9D8000B9B54 /* CPTResponder.h */,
				633DF7BA150BC9D8000B9B54 /* CPTScatterPlot.h */,
				633DF7BB150BC9D8000B9B54 /* CPTShadow.h */,
				633DF7BC150BC9D8000B9B54 /* CPTTextLayer.h */,
				633DF7BD150BC9D8000B9B54 /* CPTTextStyle.h */,
				633DF7BE150BC9D8000B9B54 /* CPTTheme.h */,
				633DF7BF150BC9D8000B9B54 /* CPTTimeFormatter.h */,
				633DF7C0150BC9D8000B9B54 /* CPTTradingRangePlot.h */,
				633DF7C1150BC9D8000B9B54 /* CPTUtilities.h */,
				633DF7C2150BC9D8000B9B54 /* CPTXYAxis.h */,
				633DF7C3150BC9D8000B9B54 /* CPTXYAxisSet.h */,
				633DF7C4150BC9D8000B9B54 /* CPTXYGraph.h */,
				633DF7C5150BC9D8000B9B54 /* CPTXYPlotSpace.h */,
				633DF7C6150BC9D8000B9B54 /* NSCoderExtensions.h */,
				633DF7C7150BC9D8000B9B54 /* NSDecimalNumberExtensions.h */,
				633DF7C8150BC9D8000B9B54 /* NSNumberExtensions.h */,
			);
			name = CorePlotHeaders;
			path = CorePlot_1.0/Binaries/iOS/CorePlotHeaders;
			sourceTree = "<group>";
		};
		639DA1B414D4494500EA3372 = {
			isa = PBXGroup;
			children = (
				636580B01606125C00C4A128 /* Default-568h@2x.png */,
				6312DAAB15A0A49100F46301 /* DollarURetina.png */,
				6312DAA615A0A39500F46301 /* DollarU.png */,
				633DF777150BC91D000B9B54 /* QuartzCore.framework */,
				633DF774150BC5B3000B9B54 /* libCorePlot-CocoaTouch.a */,
				639DA1FE14D44C2200EA3372 /* libxml2.dylib */,
				633DF779150BC9D8000B9B54 /* CorePlotHeaders */,
				639DA1C914D4494500EA3372 /* iDU */,
				639DA1C214D4494500EA3372 /* Frameworks */,
				639DA1C014D4494500EA3372 /* Products */,
			);
			sourceTree = "<group>";
		};
		639DA1C014D4494500EA3372 /* Products */ = {
			isa = PBXGroup;
			children = (
				639DA1BF14D4494500EA3372 /* iDU.app */,
			);
			name = Products;
			sourceTree = "<group>";
		};
		639DA1C214D4494500EA3372 /* Frameworks */ = {
			isa = PBXGroup;
			children = (
				639DA1C314D4494500EA3372 /* UIKit.framework */,
				639DA1C514D4494500EA3372 /* Foundation.framework */,
				639DA1C714D4494500EA3372 /* CoreGraphics.framework */,
			);
			name = Frameworks;
			sourceTree = "<group>";
		};
		639DA1C914D4494500EA3372 /* iDU */ = {
			isa = PBXGroup;
			children = (
				632CE31415A23B4D002FCFAE /* sounds */,
				63E0CEFF151E8BF000CDE588 /* WSDL2OBJC generated */,
				6320045C14E9D883006E2FFA /* png */,
				639DA1D214D4494500EA3372 /* iDUAppDelegate.h */,
				639DA1D314D4494500EA3372 /* iDUAppDelegate.m */,
				6335220F160A619900C67428 /* SettingsViewController.h */,
				63352210160A619900C67428 /* SettingsViewController.m */,
				63DFF02F158D03B3004061CE /* computePeriod.h */,
				63DFF030158D03B3004061CE /* computePeriod.m */,
				63C8B5F01617489C00CA4F2A /* ColoredBarChart.h */,
				63C8B5F11617489C00CA4F2A /* ColoredBarChart.m */,
				63C8B5DB1617036C00CA4F2A /* pageTestModelController.h */,
				63C8B5DC1617036C00CA4F2A /* pageTestModelController.m */,
				63C8B5D81617035900CA4F2A /* pageTestRootViewController.h */,
				63C8B5D91617035900CA4F2A /* pageTestRootViewController.m */,
				639DA1D514D4494500EA3372 /* MainStoryboard.storyboard */,
				63A1031B16447E7600F1F9F3 /* TabViewController.h */,
				63A1031C16447E7600F1F9F3 /* TabViewController.m */,
				63A103171644313D00F1F9F3 /* LoginViewController.h */,
				63A103181644313D00F1F9F3 /* LoginViewController.m */,
				630C31271616580600133C4B /* Test1ViewController.h */,
				630C31281616580600133C4B /* Test1ViewController.m */,
				638A1420160F714900B24627 /* AnimationViewController.h */,
				638A1421160F714900B24627 /* AnimationViewController.m */,
				638A1422160F714900B24627 /* AnimationViewController.xib */,
				6360CDB61607AE1600A3226E /* nodesInCollectionViewViewController.h */,
				6360CDB71607AE1600A3226E /* nodesInCollectionViewViewController.m */,
				6360CDBA1607BA1700A3226E /* collectionViewCell.h */,
				6360CDBB1607BA1700A3226E /* collectionViewCell.m */,
				63CEED4E157AA86000459131 /* filterpreferences.h */,
				63CEED4F157AA86000459131 /* filterpreferences.m */,
				63EE8B7A159F86CF00B53EAE /* SectionHeaderView.h */,
				63EE8B7B159F86CF00B53EAE /* SectionHeaderView.m */,
				6369169B14F978DC00C92B23 /* graphview.h */,
				6369169C14F978DC00C92B23 /* graphview.m */,
				63EE8B7D159F886900B53EAE /* SectionInfo.h */,
				63EE8B7E159F886900B53EAE /* SectionInfo.m */,
				63412DA61583D73400C8768B /* WebServiceConnection.h */,
				63412DA71583D73400C8768B /* WebServiceConnection.m */,
				638EE93A150BCC50006B10C1 /* PlotItem.h */,
				638EE93B150BCC50006B10C1 /* PlotItem.m */,
				638EE93D150BCC70006B10C1 /* PlotGallery.h */,
				638EE93E150BCC70006B10C1 /* PlotGallery.m */,
				638EE940150BDE6E006B10C1 /* SimplePieChart.h */,
				638EE941150BDE6E006B10C1 /* SimplePieChart.m */,
				63EAEE2814EFEB97008517FE /* joblogdetails.h */,
				63EAEE2914EFEB97008517FE /* joblogdetails.m */,
				63DB3F0A14EFACEB00D30319 /* joblog.h */,
				63DB3F0B14EFACEB00D30319 /* joblog.m */,
				634C8CBF14E6B14200CCF1EA /* ActivityAlertView.h */,
				634C8CC014E6B14200CCF1EA /* ActivityAlertView.m */,
				632A269C14DD8F5300440AA0 /* webservicedetails.h */,
				632A269D14DD8F5300440AA0 /* webservicedetails.m */,
				63D3756714DD67480064CB02 /* settings.h */,
				63D3756814DD67480064CB02 /* settings.m */,
				63BB22AE14D755A200B7483F /* jobruns.h */,
				63BB22AF14D755A200B7483F /* jobruns.m */,
				63D51FE61584DA8500F53449 /* ManageDefaults.h */,
				63D51FE71584DA8500F53449 /* ManageDefaults.m */,
				639DA1D814D4494500EA3372 /* iDUFirstViewController.h */,
				6373C4F815DB0C9000FA50C5 /* iDUFirstViewController.m */,
				639DA1DF14D4494500EA3372 /* iDUSecondViewController.h */,
				639DA1E014D4494500EA3372 /* iDUSecondViewController.m */,
				639DA1CA14D4494500EA3372 /* Supporting Files */,
				63572CAA15B37EE0005F1E3A /* Localizable.strings */,
				639C12D41606613F0053EA51 /* getJobs.h */,
				639C12D51606613F0053EA51 /* getJobs.m */,
			);
			name = iDU;
			path = DUiOS;
			sourceTree = "<group>";
		};
		639DA1CA14D4494500EA3372 /* Supporting Files */ = {
			isa = PBXGroup;
			children = (
				639DA1CB14D4494500EA3372 /* iDU-Info.plist */,
				639DA1CC14D4494500EA3372 /* InfoPlist.strings */,
				639DA1CF14D4494500EA3372 /* main.m */,
				639DA1D114D4494500EA3372 /* iDU-Prefix.pch */,
			);
			name = "Supporting Files";
			sourceTree = "<group>";
		};
		63E0CEFF151E8BF000CDE588 /* WSDL2OBJC generated */ = {
			isa = PBXGroup;
			children = (
				63E9D5741576BA9300F59C97 /* DuWebServiceSvc.h */,
				63E9D5751576BA9300F59C97 /* DuWebServiceSvc.m */,
				63E9D5761576BA9300F59C97 /* NSDate+ISO8601Parsing.h */,
				63E9D5771576BA9300F59C97 /* NSDate+ISO8601Parsing.m */,
				63E9D5781576BA9300F59C97 /* NSDate+ISO8601Unparsing.h */,
				63E9D5791576BA9300F59C97 /* NSDate+ISO8601Unparsing.m */,
				63E9D57A1576BA9300F59C97 /* USAdditions.h */,
				63E9D57B1576BA9300F59C97 /* USAdditions.m */,
				63E9D57C1576BA9300F59C97 /* USGlobals.h */,
				63E9D57D1576BA9300F59C97 /* USGlobals.m */,
				63E9D57E1576BA9300F59C97 /* xs.h */,
				63E9D57F1576BA9300F59C97 /* xs.m */,
			);
			name = "WSDL2OBJC generated";
			path = "generated new";
			sourceTree = "<group>";
		};
/* End PBXGroup section */

/* Begin PBXNativeTarget section */
		639DA1BE14D4494500EA3372 /* iDU */ = {
			isa = PBXNativeTarget;
			buildConfigurationList = 639DA1E814D4494500EA3372 /* Build configuration list for PBXNativeTarget "iDU" */;
			buildPhases = (
				639DA1BB14D4494500EA3372 /* Sources */,
				639DA1BC14D4494500EA3372 /* Frameworks */,
				639DA1BD14D4494500EA3372 /* Resources */,
			);
			buildRules = (
			);
			dependencies = (
			);
			name = iDU;
			productName = DUiOS;
			productReference = 639DA1BF14D4494500EA3372 /* iDU.app */;
			productType = "com.apple.product-type.application";
		};
/* End PBXNativeTarget section */

/* Begin PBXProject section */
		639DA1B614D4494500EA3372 /* Project object */ = {
			isa = PBXProject;
			attributes = {
				LastUpgradeCheck = 0440;
				ORGANIZATIONNAME = HAZ;
			};
			buildConfigurationList = 639DA1B914D4494500EA3372 /* Build configuration list for PBXProject "iDU" */;
			compatibilityVersion = "Xcode 3.2";
			developmentRegion = English;
			hasScannedForEncodings = 0;
			knownRegions = (
				en,
				English,
			);
			mainGroup = 639DA1B414D4494500EA3372;
			productRefGroup = 639DA1C014D4494500EA3372 /* Products */;
			projectDirPath = "";
			projectRoot = "";
			targets = (
				639DA1BE14D4494500EA3372 /* iDU */,
			);
		};
/* End PBXProject section */

/* Begin PBXResourcesBuildPhase section */
		639DA1BD14D4494500EA3372 /* Resources */ = {
			isa = PBXResourcesBuildPhase;
			buildActionMask = 2147483647;
			files = (
				639DA1CE14D4494500EA3372 /* InfoPlist.strings in Resources */,
				639DA1D714D4494500EA3372 /* MainStoryboard.storyboard in Resources */,
				636DF69714D5C4DB009C93FF /* dollaru.png in Resources */,
				63AF83E614D617DB004A2E3B /* preferences.png in Resources */,
				63AF83E814D617F6004A2E3B /* world.png in Resources */,
				63AF83EA14D61857004A2E3B /* connections.png in Resources */,
				63AF83EE14D618D1004A2E3B /* house.png in Resources */,
				630D3C9914D9FA53001E5224 /* dollaru3.png in Resources */,
				63D3756414DD51E10064CB02 /* arrowdown.png in Resources */,
				63D3756514DD51E10064CB02 /* arrowup.png in Resources */,
				6320045414E9D866006E2FFA /* ko.png in Resources */,
				6320045914E9D879006E2FFA /* ok.png in Resources */,
				6320045A14E9D879006E2FFA /* warning.png in Resources */,
				6320045B14E9D879006E2FFA /* warning2.png in Resources */,
				6320045E14E9DCE6006E2FFA /* redflag.png in Resources */,
				6320046014E9DCF3006E2FFA /* greenflag.png in Resources */,
				63E0CEFC151E8ACC00CDE588 /* DU.png in Resources */,
				63CEED4A157AA58D00459131 /* heart.png in Resources */,
				63CEED4D157AA60100459131 /* filter.png in Resources */,
				63EE8B77159F869100B53EAE /* carat-open.png in Resources */,
				63EE8B78159F869100B53EAE /* carat.png in Resources */,
				6312DAA715A0A39500F46301 /* DollarU.png in Resources */,
				632CE31115A23B3F002FCFAE /* car.m4a in Resources */,
				632CE31215A23B3F002FCFAE /* emergency.m4a in Resources */,
				63572CA915B347CA005F1E3A /* DollarURetina.png in Resources */,
				63572CAB15B37EE0005F1E3A /* Localizable.strings in Resources */,
				63A92B3015CB1DF900D03CDF /* DUInactive.png in Resources */,
				63F3EE0815EA5D3D001E08AE /* user.png in Resources */,
				63F3EE0915EA5D3D001E08AE /* server.png in Resources */,
				63F3EE0A15EA5D3D001E08AE /* port.png in Resources */,
				63F3EE0B15EA5D3D001E08AE /* question.png in Resources */,
				63F3EE1215EA5F21001E08AE /* company.png in Resources */,
				63F3EE1415EA6084001E08AE /* area.png in Resources */,
				63F3EE1615EAABF7001E08AE /* calendar.png in Resources */,
				63F3EE1815EAAD16001E08AE /* numberblue.png in Resources */,
				63F3EE1E15EAADBA001E08AE /* numberorange.png in Resources */,
				63F3EE2015EAAE05001E08AE /* url2.png in Resources */,
				63EA36C615FCF243005F8A10 /* rerun.png in Resources */,
				63EA36C915FCF483005F8A10 /* rerunblue.png in Resources */,
				636580B11606125C00C4A128 /* Default-568h@2x.png in Resources */,
				638A1424160F714900B24627 /* AnimationViewController.xib in Resources */,
				63A1031F164488D100F1F9F3 /* Password.png in Resources */,
			);
			runOnlyForDeploymentPostprocessing = 0;
		};
/* End PBXResourcesBuildPhase section */

/* Begin PBXSourcesBuildPhase section */
		639DA1BB14D4494500EA3372 /* Sources */ = {
			isa = PBXSourcesBuildPhase;
			buildActionMask = 2147483647;
			files = (
				639DA1D014D4494500EA3372 /* main.m in Sources */,
				639DA1D414D4494500EA3372 /* iDUAppDelegate.m in Sources */,
				639DA1E114D4494500EA3372 /* iDUSecondViewController.m in Sources */,
				63BB22B014D755A200B7483F /* jobruns.m in Sources */,
				63D3756914DD67480064CB02 /* settings.m in Sources */,
				632A269E14DD8F5300440AA0 /* webservicedetails.m in Sources */,
				634C8CC114E6B14200CCF1EA /* ActivityAlertView.m in Sources */,
				63DB3F0C14EFACEB00D30319 /* joblog.m in Sources */,
				63EAEE2A14EFEB97008517FE /* joblogdetails.m in Sources */,
				6369169D14F978DC00C92B23 /* graphview.m in Sources */,
				638EE93C150BCC50006B10C1 /* PlotItem.m in Sources */,
				638EE93F150BCC70006B10C1 /* PlotGallery.m in Sources */,
				638EE942150BDE6E006B10C1 /* SimplePieChart.m in Sources */,
				63E9D5801576BA9300F59C97 /* DuWebServiceSvc.m in Sources */,
				63E9D5811576BA9300F59C97 /* NSDate+ISO8601Parsing.m in Sources */,
				63E9D5821576BA9300F59C97 /* NSDate+ISO8601Unparsing.m in Sources */,
				63E9D5831576BA9300F59C97 /* USAdditions.m in Sources */,
				63E9D5841576BA9300F59C97 /* USGlobals.m in Sources */,
				63E9D5851576BA9300F59C97 /* xs.m in Sources */,
				63CEED50157AA86000459131 /* filterpreferences.m in Sources */,
				63412DA81583D73400C8768B /* WebServiceConnection.m in Sources */,
				63D51FE81584DA8500F53449 /* ManageDefaults.m in Sources */,
				63DFF031158D03B3004061CE /* computePeriod.m in Sources */,
				63EE8B7C159F86CF00B53EAE /* SectionHeaderView.m in Sources */,
				63EE8B7F159F886900B53EAE /* SectionInfo.m in Sources */,
				6373C4F915DB0C9000FA50C5 /* iDUFirstViewController.m in Sources */,
				639C12D61606613F0053EA51 /* getJobs.m in Sources */,
				6360CDB81607AE1600A3226E /* nodesInCollectionViewViewController.m in Sources */,
				6360CDBC1607BA1700A3226E /* collectionViewCell.m in Sources */,
				63352211160A619900C67428 /* SettingsViewController.m in Sources */,
				638A1423160F714900B24627 /* AnimationViewController.m in Sources */,
				630C31291616580600133C4B /* Test1ViewController.m in Sources */,
				63C8B5DD1617036F00CA4F2A /* pageTestModelController.m in Sources */,
				63C8B5DE1617037400CA4F2A /* pageTestRootViewController.m in Sources */,
				63C8B5F21617489C00CA4F2A /* ColoredBarChart.m in Sources */,
				63A103191644313D00F1F9F3 /* LoginViewController.m in Sources */,
				63A1031D16447E7600F1F9F3 /* TabViewController.m in Sources */,
			);
			runOnlyForDeploymentPostprocessing = 0;
		};
/* End PBXSourcesBuildPhase section */

/* Begin PBXVariantGroup section */
		639DA1CC14D4494500EA3372 /* InfoPlist.strings */ = {
			isa = PBXVariantGroup;
			children = (
				639DA1CD14D4494500EA3372 /* en */,
			);
			name = InfoPlist.strings;
			sourceTree = "<group>";
		};
		639DA1D514D4494500EA3372 /* MainStoryboard.storyboard */ = {
			isa = PBXVariantGroup;
			children = (
				639DA1D614D4494500EA3372 /* en */,
			);
			name = MainStoryboard.storyboard;
			sourceTree = "<group>";
		};
/* End PBXVariantGroup section */

/* Begin XCBuildConfiguration section */
		639DA1E614D4494500EA3372 /* Debug */ = {
			isa = XCBuildConfiguration;
			buildSettings = {
				ALWAYS_SEARCH_USER_PATHS = NO;
				ARCHS = "$(ARCHS_STANDARD_32_BIT)";
				CLANG_ENABLE_OBJC_ARC = NO;
				CODE_SIGN_IDENTITY = "iPhone Distribution";
				"CODE_SIGN_IDENTITY[sdk=iphoneos*]" = "iPhone Distribution";
				COPY_PHASE_STRIP = NO;
				GCC_C_LANGUAGE_STANDARD = gnu99;
				GCC_DYNAMIC_NO_PIC = NO;
				GCC_OPTIMIZATION_LEVEL = 0;
				GCC_PREPROCESSOR_DEFINITIONS = (
					"DEBUG=1",
					"$(inherited)",
				);
				GCC_SYMBOLS_PRIVATE_EXTERN = NO;
				GCC_VERSION = com.apple.compilers.llvm.clang.1_0;
				GCC_WARN_ABOUT_MISSING_PROTOTYPES = YES;
				GCC_WARN_ABOUT_RETURN_TYPE = YES;
				GCC_WARN_UNUSED_VARIABLE = YES;
				IPHONEOS_DEPLOYMENT_TARGET = 6.0;
				PROVISIONING_PROFILE = "";
				"PROVISIONING_PROFILE[sdk=iphoneos*]" = "";
				SDKROOT = iphoneos;
			};
			name = Debug;
		};
		639DA1E714D4494500EA3372 /* Release */ = {
			isa = XCBuildConfiguration;
			buildSettings = {
				ALWAYS_SEARCH_USER_PATHS = NO;
				ARCHS = "$(ARCHS_STANDARD_32_BIT)";
				CLANG_ENABLE_OBJC_ARC = NO;
				CODE_SIGN_IDENTITY = "iPhone Distribution";
				"CODE_SIGN_IDENTITY[sdk=iphoneos*]" = "iPhone Distribution";
				COPY_PHASE_STRIP = YES;
				GCC_C_LANGUAGE_STANDARD = gnu99;
				GCC_VERSION = com.apple.compilers.llvm.clang.1_0;
				GCC_WARN_ABOUT_MISSING_PROTOTYPES = YES;
				GCC_WARN_ABOUT_RETURN_TYPE = YES;
				GCC_WARN_UNUSED_VARIABLE = YES;
				IPHONEOS_DEPLOYMENT_TARGET = 6.0;
				OTHER_CFLAGS = "-DNS_BLOCK_ASSERTIONS=1";
				PROVISIONING_PROFILE = "";
				"PROVISIONING_PROFILE[sdk=iphoneos*]" = "";
				SDKROOT = iphoneos;
				VALIDATE_PRODUCT = YES;
			};
			name = Release;
		};
		639DA1E914D4494500EA3372 /* Debug */ = {
			isa = XCBuildConfiguration;
			buildSettings = {
				CLANG_ENABLE_OBJC_ARC = YES;
				CODE_SIGN_IDENTITY = "iPhone Distribution";
				"CODE_SIGN_IDENTITY[sdk=iphoneos*]" = "iPhone Distribution";
				GCC_PRECOMPILE_PREFIX_HEADER = YES;
				GCC_PREFIX_HEADER = "DUiOS/iDU-Prefix.pch";
				GCC_VERSION = com.apple.compilers.llvm.clang.1_0;
				"HEADER_SEARCH_PATHS[arch=*]" = CorePlot_1.0/Source/framework;
				INFOPLIST_FILE = "DUiOS/iDU-Info.plist";
				IPHONEOS_DEPLOYMENT_TARGET = 6.0;
				LIBRARY_SEARCH_PATHS = (
					"$(inherited)",
					"\"$(SRCROOT)/CorePlot_1.0/Binaries/iOS\"",
					"\"$(SRCROOT)\"",
				);
				OTHER_CFLAGS = (
					"-I",
					"${SDK_DIR}/usr/include/libxml2",
				);
				"OTHER_LDFLAGS[arch=*]" = (
					"-ObjC",
					"-all_load",
				);
				PRELINK_LIBS = "-ObjC -all_load";
				PRODUCT_NAME = "$(TARGET_NAME)";
				PROVISIONING_PROFILE = "";
				"PROVISIONING_PROFILE[sdk=iphoneos*]" = "";
				TARGETED_DEVICE_FAMILY = "1,2";
				USER_HEADER_SEARCH_PATHS = CorePlot_1.0/Source/framework;
				VALID_ARCHS = "armv7 armv6";
				WARNING_LDFLAGS = (
					"-ObjC",
					"-all_load",
				);
				WRAPPER_EXTENSION = app;
			};
			name = Debug;
		};
		639DA1EA14D4494500EA3372 /* Release */ = {
			isa = XCBuildConfiguration;
			buildSettings = {
				CLANG_ENABLE_OBJC_ARC = YES;
				CODE_SIGN_IDENTITY = "iPhone Distribution";
				"CODE_SIGN_IDENTITY[sdk=iphoneos*]" = "iPhone Distribution";
				GCC_PRECOMPILE_PREFIX_HEADER = YES;
				GCC_PREFIX_HEADER = "DUiOS/iDU-Prefix.pch";
				GCC_VERSION = com.apple.compilers.llvm.clang.1_0;
				"HEADER_SEARCH_PATHS[arch=*]" = CorePlot_1.0/Source/framework;
				INFOPLIST_FILE = "DUiOS/iDU-Info.plist";
				IPHONEOS_DEPLOYMENT_TARGET = 6.0;
				LIBRARY_SEARCH_PATHS = (
					"$(inherited)",
					"\"$(SRCROOT)/CorePlot_1.0/Binaries/iOS\"",
					"\"$(SRCROOT)\"",
				);
				OTHER_CFLAGS = (
					"-I",
					"${SDK_DIR}/usr/include/libxml2",
				);
				"OTHER_LDFLAGS[arch=*]" = (
					"-ObjC",
					"-all_load",
				);
				PRELINK_LIBS = "-ObjC -all_load";
				PRODUCT_NAME = "$(TARGET_NAME)";
				PROVISIONING_PROFILE = "";
				"PROVISIONING_PROFILE[sdk=iphoneos*]" = "";
				TARGETED_DEVICE_FAMILY = "1,2";
				USER_HEADER_SEARCH_PATHS = CorePlot_1.0/Source/framework;
				VALID_ARCHS = "armv7 armv6";
				WARNING_LDFLAGS = (
					"-ObjC",
					"-all_load",
				);
				WRAPPER_EXTENSION = app;
			};
			name = Release;
		};
/* End XCBuildConfiguration section */

/* Begin XCConfigurationList section */
		639DA1B914D4494500EA3372 /* Build configuration list for PBXProject "iDU" */ = {
			isa = XCConfigurationList;
			buildConfigurations = (
				639DA1E614D4494500EA3372 /* Debug */,
				639DA1E714D4494500EA3372 /* Release */,
			);
			defaultConfigurationIsVisible = 0;
			defaultConfigurationName = Release;
		};
		639DA1E814D4494500EA3372 /* Build configuration list for PBXNativeTarget "iDU" */ = {
			isa = XCConfigurationList;
			buildConfigurations = (
				639DA1E914D4494500EA3372 /* Debug */,
				639DA1EA14D4494500EA3372 /* Release */,
			);
			defaultConfigurationIsVisible = 0;
			defaultConfigurationName = Release;
		};
/* End XCConfigurationList section */
	};
	rootObject = 639DA1B614D4494500EA3372 /* Project object */;
}
